
Microsoft Visual Studio Solution File, Format Version 12.00
# Visual Studio Version 17
VisualStudioVersion = 17.0.31903.59
MinimumVisualStudioVersion = 10.0.40219.1
Project("{FAE04EC0-301F-11D3-BF4B-00C04F79EFBC}") = "BuberDinner.Infrastructure", "BuberDinner.Infrastructure\BuberDinner.Infrastructure.csproj", "{C7C83B90-BD66-4696-9C03-D1E7E300CA9C}"
EndProject
Project("{FAE04EC0-301F-11D3-BF4B-00C04F79EFBC}") = "BuberDinner.Domain", "BuberDinner.Domain\BuberDinner.Domain.csproj", "{A571F83C-226D-45A9-97C9-8D7C4DC24277}"
EndProject
Project("{FAE04EC0-301F-11D3-BF4B-00C04F79EFBC}") = "BuberDinner.Contracts", "BuberDinner.Contracts\BuberDinner.Contracts.csproj", "{C58D61C2-C1F2-4D29-A18B-7BE2AEF380F4}"
EndProject
Project("{FAE04EC0-301F-11D3-BF4B-00C04F79EFBC}") = "BuberDinner.Application", "BuberDinner.Application\BuberDinner.Application.csproj", "{DB649BED-5EC3-4C20-B959-D4FA0601462D}"
EndProject
Project("{FAE04EC0-301F-11D3-BF4B-00C04F79EFBC}") = "BuberDinner.Api", "BuberDinner.Api\BuberDinner.Api.csproj", "{4AE1E675-3FE5-49C7-BF5C-F1F9E17B001F}"
EndProject
Global
	GlobalSection(SolutionConfigurationPlatforms) = preSolution
		Debug|Any CPU = Debug|Any CPU
		Release|Any CPU = Release|Any CPU
	EndGlobalSection
	GlobalSection(SolutionProperties) = preSolution
		HideSolutionNode = FALSE
	EndGlobalSection
	GlobalSection(ProjectConfigurationPlatforms) = postSolution
		{C7C83B90-BD66-4696-9C03-D1E7E300CA9C}.Debug|Any CPU.ActiveCfg = Debug|Any CPU
		{C7C83B90-BD66-4696-9C03-D1E7E300CA9C}.Debug|Any CPU.Build.0 = Debug|Any CPU
		{C7C83B90-BD66-4696-9C03-D1E7E300CA9C}.Release|Any CPU.ActiveCfg = Release|Any CPU
		{C7C83B90-BD66-4696-9C03-D1E7E300CA9C}.Release|Any CPU.Build.0 = Release|Any CPU
		{A571F83C-226D-45A9-97C9-8D7C4DC24277}.Debug|Any CPU.ActiveCfg = Debug|Any CPU
		{A571F83C-226D-45A9-97C9-8D7C4DC24277}.Debug|Any CPU.Build.0 = Debug|Any CPU
		{A571F83C-226D-45A9-97C9-8D7C4DC24277}.Release|Any CPU.ActiveCfg = Release|Any CPU
		{A571F83C-226D-45A9-97C9-8D7C4DC24277}.Release|Any CPU.Build.0 = Release|Any CPU
		{C58D61C2-C1F2-4D29-A18B-7BE2AEF380F4}.Debug|Any CPU.ActiveCfg = Debug|Any CPU
		{C58D61C2-C1F2-4D29-A18B-7BE2AEF380F4}.Debug|Any CPU.Build.0 = Debug|Any CPU
		{C58D61C2-C1F2-4D29-A18B-7BE2AEF380F4}.Release|Any CPU.ActiveCfg = Release|Any CPU
		{C58D61C2-C1F2-4D29-A18B-7BE2AEF380F4}.Release|Any CPU.Build.0 = Release|Any CPU
		{DB649BED-5EC3-4C20-B959-D4FA0601462D}.Debug|Any CPU.ActiveCfg = Debug|Any CPU
		{DB649BED-5EC3-4C20-B959-D4FA0601462D}.Debug|Any CPU.Build.0 = Debug|Any CPU
		{DB649BED-5EC3-4C20-B959-D4FA0601462D}.Release|Any CPU.ActiveCfg = Release|Any CPU
		{DB649BED-5EC3-4C20-B959-D4FA0601462D}.Release|Any CPU.Build.0 = Release|Any CPU
		{4AE1E675-3FE5-49C7-BF5C-F1F9E17B001F}.Debug|Any CPU.ActiveCfg = Debug|Any CPU
		{4AE1E675-3FE5-49C7-BF5C-F1F9E17B001F}.Debug|Any CPU.Build.0 = Debug|Any CPU
		{4AE1E675-3FE5-49C7-BF5C-F1F9E17B001F}.Release|Any CPU.ActiveCfg = Release|Any CPU
		{4AE1E675-3FE5-49C7-BF5C-F1F9E17B001F}.Release|Any CPU.Build.0 = Release|Any CPU
	EndGlobalSection
EndGlobal
